// !$*UTF8*$!
{
	archiveVersion = 1;
	classes = {
	};
	objectVersion = 46;
	objects = {

/* Begin PBXBuildFile section */
		7924BCBD1D00325400BD364C /* main.m in Sources */ = {isa = PBXBuildFile; fileRef = 7924BCBC1D00325400BD364C /* main.m */; };
		7924BCC01D00325400BD364C /* AppDelegate.m in Sources */ = {isa = PBXBuildFile; fileRef = 7924BCBF1D00325400BD364C /* AppDelegate.m */; };
		7924BCC31D00325400BD364C /* ViewController.m in Sources */ = {isa = PBXBuildFile; fileRef = 7924BCC21D00325400BD364C /* ViewController.m */; };
		7924BCC61D00325400BD364C /* Main.storyboard in Resources */ = {isa = PBXBuildFile; fileRef = 7924BCC41D00325400BD364C /* Main.storyboard */; };
		7924BCC81D00325400BD364C /* Assets.xcassets in Resources */ = {isa = PBXBuildFile; fileRef = 7924BCC71D00325400BD364C /* Assets.xcassets */; };
		7924BCCB1D00325400BD364C /* LaunchScreen.storyboard in Resources */ = {isa = PBXBuildFile; fileRef = 7924BCC91D00325400BD364C /* LaunchScreen.storyboard */; };
/* End PBXBuildFile section */

/* Begin PBXFileReference section */
		7924BCB81D00325400BD364C /* RegExpDemo.app */ = {isa = PBXFileReference; explicitFileType = wrapper.application; includeInIndex = 0; path = RegExpDemo.app; sourceTree = BUILT_PRODUCTS_DIR; };
		7924BCBC1D00325400BD364C /* main.m */ = {isa = PBXFileReference; lastKnownFileType = sourcecode.c.objc; path = main.m; sourceTree = "<group>"; };
		7924BCBE1D00325400BD364C /* AppDelegate.h */ = {isa = PBXFileReference; lastKnownFileType = sourcecode.c.h; path = AppDelegate.h; sourceTree = "<group>"; };
		7924BCBF1D00325400BD364C /* AppDelegate.m */ = {isa = PBXFileReference; lastKnownFileType = sourcecode.c.objc; path = AppDelegate.m; sourceTree = "<group>"; };
		7924BCC11D00325400BD364C /* ViewController.h */ = {isa = PBXFileReference; lastKnownFileType = sourcecode.c.h; path = ViewController.h; sourceTree = "<group>"; };
		7924BCC21D00325400BD364C /* ViewController.m */ = {isa = PBXFileReference; lastKnownFileType = sourcecode.c.objc; path = ViewController.m; sourceTree = "<group>"; };
		7924BCC51D00325400BD364C /* Base */ = {isa = PBXFileReference; lastKnownFileType = file.storyboard; name = Base; path = Base.lproj/Main.storyboard; sourceTree = "<group>"; };
		7924BCC71D00325400BD364C /* Assets.xcassets */ = {isa = PBXFileReference; lastKnownFileType = folder.assetcatalog; path = Assets.xcassets; sourceTree = "<group>"; };
		7924BCCA1D00325400BD364C /* Base */ = {isa = PBXFileReference; lastKnownFileType = file.storyboard; name = Base; path = Base.lproj/LaunchScreen.storyboard; sourceTree = "<group>"; };
		7924BCCC1D00325400BD364C /* Info.plist */ = {isa = PBXFileReference; lastKnownFileType = text.plist.xml; path = Info.plist; sourceTree = "<group>"; };
/* End PBXFileReference section */

/* Begin PBXFrameworksBuildPhase section */
		7924BCB51D00325400BD364C /* Frameworks */ = {
			isa = PBXFrameworksBuildPhase;
			buildActionMask = 2147483647;
			files = (
			);
			runOnlyForDeploymentPostprocessing = 0;
		};
/* End PBXFrameworksBuildPhase section */

/* Begin PBXGroup section */
		7924BCAF1D00325400BD364C = {
			isa = PBXGroup;
			children = (
				7924BCBA1D00325400BD364C /* RegExpDemo */,
				7924BCB91D00325400BD364C /* Products */,
			);
			sourceTree = "<group>";
		};
		7924BCB91D00325400BD364C /* Products */ = {
			isa = PBXGroup;
			children = (
				7924BCB81D00325400BD364C /* RegExpDemo.app */,
			);
			name = Products;
			sourceTree = "<group>";
		};
		7924BCBA1D00325400BD364C /* RegExpDemo */ = {
			isa = PBXGroup;
			children = (
				7924BCBE1D00325400BD364C /* AppDelegate.h */,
				7924BCBF1D00325400BD364C /* AppDelegate.m */,
				7924BCC11D00325400BD364C /* ViewController.h */,
				7924BCC21D00325400BD364C /* ViewController.m */,
				7924BCC41D00325400BD364C /* Main.storyboard */,
				7924BCC71D00325400BD364C /* Assets.xcassets */,
				7924BCC91D00325400BD364C /* LaunchScreen.storyboard */,
				7924BCCC1D00325400BD364C /* Info.plist */,
				7924BCBB1D00325400BD364C /* Supporting Files */,
			);
			path = RegExpDemo;
			sourceTree = "<group>";
		};
		7924BCBB1D00325400BD364C /* Supporting Files */ = {
			isa = PBXGroup;
			children = (
				7924BCBC1D00325400BD364C /* main.m */,
			);
			name = "Supporting Files";
			sourceTree = "<group>";
		};
/* End PBXGroup section */

/* Begin PBXNativeTarget section */
		7924BCB71D00325400BD364C /* RegExpDemo */ = {
			isa = PBXNativeTarget;
			buildConfigurationList = 7924BCCF1D00325400BD364C /* Build configuration list for PBXNativeTarget "RegExpDemo" */;
			buildPhases = (
				7924BCB41D00325400BD364C /* Sources */,
				7924BCB51D00325400BD364C /* Frameworks */,
				7924BCB61D00325400BD364C /* Resources */,
			);
			buildRules = (
			);
			dependencies = (
			);
			name = RegExpDemo;
			productName = RegExpDemo;
			productReference = 7924BCB81D00325400BD364C /* RegExpDemo.app */;
			productType = "com.apple.product-type.application";
		};
/* End PBXNativeTarget section */

/* Begin PBXProject section */
		7924BCB01D00325400BD364C /* Project object */ = {
			isa = PBXProject;
			attributes = {
				LastUpgradeCheck = 0730;
				ORGANIZATIONNAME = TobyoTenma;
				TargetAttributes = {
					7924BCB71D00325400BD364C = {
						CreatedOnToolsVersion = 7.3.1;
						DevelopmentTeam = EPSPHDMRQR;
					};
				};
			};
			buildConfigurationList = 7924BCB31D00325400BD364C /* Build configuration list for PBXProject "RegExpDemo" */;
			compatibilityVersion = "Xcode 3.2";
			developmentRegion = English;
			hasScannedForEncodings = 0;
			knownRegions = (
				en,
				Base,
			);
			mainGroup = 7924BCAF1D00325400BD364C;
			productRefGroup = 7924BCB91D00325400BD364C /* Products */;
			projectDirPath = "";
			projectRoot = "";
			targets = (
				7924BCB71D00325400BD364C /* RegExpDemo */,
			);
		};
/* End PBXProject section */

/* Begin PBXResourcesBuildPhase section */
		7924BCB61D00325400BD364C /* Resources */ = {
			isa = PBXResourcesBuildPhase;
			buildActionMask = 2147483647;
			files = (
				7924BCCB1D00325400BD364C /* LaunchScreen.storyboard in Resources */,
				7924BCC81D00325400BD364C /* Assets.xcassets in Resources */,
				7924BCC61D00325400BD364C /* Main.storyboard in Resources */,
			);
			runOnlyForDeploymentPostprocessing = 0;
		};
/* End PBXResourcesBuildPhase section */

/* Begin PBXSourcesBuildPhase section */
		7924BCB41D00325400BD364C /* Sources */ = {
			isa = PBXSourcesBuildPhase;
			buildActionMask = 2147483647;
			files = (
				7924BCC31D00325400BD364C /* ViewController.m in Sources */,
				7924BCC01D00325400BD364C /* AppDelegate.m in Sources */,
				7924BCBD1D00325400BD364C /* main.m in Sources */,
			);
			runOnlyForDeploymentPostprocessing = 0;
		};
/* End PBXSourcesBuildPhase section */

/* Begin PBXVariantGroup section */
		7924BCC41D00325400BD364C /* Main.storyboard */ = {
			isa = PBXVariantGroup;
			children = (
				7924BCC51D00325400BD364C /* Base */,
			);
			name = Main.storyboard;
			sourceTree = "<group>";
		};
		7924BCC91D00325400BD364C /* LaunchScreen.storyboard */ = {
			isa = PBXVariantGroup;
			children = (
				7924BCCA1D00325400BD364C /* Base */,
			);
			name = LaunchScreen.storyboard;
			sourceTree = "<group>";
		};
/* End PBXVariantGroup section */

/* Begin XCBuildConfiguration section */
		7924BCCD1D00325400BD364C /* Debug */ = {
			isa = XCBuildConfiguration;
			buildSettings = {
				ALWAYS_SEARCH_USER_PATHS = NO;
				CLANG_ANALYZER_NONNULL = YES;
				CLANG_CXX_LANGUAGE_STANDARD = "gnu++0x";
				CLANG_CXX_LIBRARY = "libc++";
				CLANG_ENABLE_MODULES = YES;
				CLANG_ENABLE_OBJC_ARC = YES;
				CLANG_WARN_BOOL_CONVERSION = YES;
				CLANG_WARN_CONSTANT_CONVERSION = YES;
				CLANG_WARN_DIRECT_OBJC_ISA_USAGE = YES_ERROR;
				CLANG_WARN_EMPTY_BODY = YES;
				CLANG_WARN_ENUM_CONVERSION = YES;
				CLANG_WARN_INT_CONVERSION = YES;
				CLANG_WARN_OBJC_ROOT_CLASS = YES_ERROR;
				CLANG_WARN_UNREACHABLE_CODE = YES;
				CLANG_WARN__DUPLICATE_METHOD_MATCH = YES;
				"CODE_SIGN_IDENTITY[sdk=iphoneos*]" = "iPhone Developer";
				COPY_PHASE_STRIP = NO;
				DEBUG_INFORMATION_FORMAT = dwarf;
				ENABLE_STRICT_OBJC_MSGSEND = YES;
				ENABLE_TESTABILITY = YES;
				GCC_C_LANGUAGE_STANDARD = gnu99;
				GCC_DYNAMIC_NO_PIC = NO;
				GCC_NO_COMMON_BLOCKS = YES;
				GCC_OPTIMIZATION_LEVEL = 0;
				GCC_PREPROCESSOR_DEFINITIONS = (
					"DEBUG=1",
					"$(inherited)",
				);
				GCC_WARN_64_TO_32_BIT_CONVERSION = YES;
				GCC_WARN_ABOUT_RETURN_TYPE = YES_ERROR;
				GCC_WARN_UNDECLARED_SELECTOR = YES;
				GCC_WARN_UNINITIALIZED_AUTOS = YES_AGGRESSIVE;
				GCC_WARN_UNUSED_FUNCTION = YES;
				GCC_WARN_UNUSED_VARIABLE = YES;
				IPHONEOS_DEPLOYMENT_TARGET = 9.3;
				MTL_ENABLE_DEBUG_INFO = YES;
				ONLY_ACTIVE_ARCH = YES;
				SDKROOT = iphoneos;
				TARGETED_DEVICE_FAMILY = "1,2";
			};
			name = Debug;
		};
		7924BCCE1D00325400BD364C /* Release */ = {
			isa = XCBuildConfiguration;
			buildSettings = {
				ALWAYS_SEARCH_USER_PATHS = NO;
				CLANG_ANALYZER_NONNULL = YES;
				CLANG_CXX_LANGUAGE_STANDARD = "gnu++0x";
				CLANG_CXX_LIBRARY = "libc++";
				CLANG_ENABLE_MODULES = YES;
				CLANG_ENABLE_OBJC_ARC = YES;
				CLANG_WARN_BOOL_CONVERSION = YES;
				CLANG_WARN_CONSTANT_CONVERSION = YES;
				CLANG_WARN_DIRECT_OBJC_ISA_USAGE = YES_ERROR;
				CLANG_WARN_EMPTY_BODY = YES;
				CLANG_WARN_ENUM_CONVERSION = YES;
				CLANG_WARN_INT_CONVERSION = YES;
				CLANG_WARN_OBJC_ROOT_CLASS = YES_ERROR;
				CLANG_WARN_UNREACHABLE_CODE = YES;
				CLANG_WARN__DUPLICATE_METHOD_MATCH = YES;
				"CODE_SIGN_IDENTITY[sdk=iphoneos*]" = "iPhone Developer";
				COPY_PHASE_STRIP = NO;
				DEBUG_INFORMATION_FORMAT = "dwarf-with-dsym";
				ENABLE_NS_ASSERTIONS = NO;
				ENABLE_STRICT_OBJC_MSGSEND = YES;
				GCC_C_LANGUAGE_STANDARD = gnu99;
				GCC_NO_COMMON_BLOCKS = YES;
				GCC_WARN_64_TO_32_BIT_CONVERSION = YES;
				GCC_WARN_ABOUT_RETURN_TYPE = YES_ERROR;
				GCC_WARN_UNDECLARED_SELECTOR = YES;
				GCC_WARN_UNINITIALIZED_AUTOS = YES_AGGRESSIVE;
				GCC_WARN_UNUSED_FUNCTION = YES;
				GCC_WARN_UNUSED_VARIABLE = YES;
				IPHONEOS_DEPLOYMENT_TARGET = 9.3;
				MTL_ENABLE_DEBUG_INFO = NO;
				SDKROOT = iphoneos;
				TARGETED_DEVICE_FAMILY = "1,2";
				VALIDATE_PRODUCT = YES;
			};
			name = Release;
		};
		7924BCD01D00325400BD364C /* Debug */ = {
			isa = XCBuildConfiguration;
			buildSettings = {
				ASSETCATALOG_COMPILER_APPICON_NAME = AppIcon;
				INFOPLIST_FILE = RegExpDemo/Info.plist;
				LD_RUNPATH_SEARCH_PATHS = "$(inherited) @executable_path/Frameworks";
				PRODUCT_BUNDLE_IDENTIFIER = com.tmtbo.RegExpDemo;
				PRODUCT_NAME = "$(TARGET_NAME)";
			};
			name = Debug;
		};
		7924BCD11D00325400BD364C /* Release */ = {
			isa = XCBuildConfiguration;
			buildSettings = {
				ASSETCATALOG_COMPILER_APPICON_NAME = AppIcon;
				INFOPLIST_FILE = RegExpDemo/Info.plist;
				LD_RUNPATH_SEARCH_PATHS = "$(inherited) @executable_path/Frameworks";
				PRODUCT_BUNDLE_IDENTIFIER = com.tmtbo.RegExpDemo;
				PRODUCT_NAME = "$(TARGET_NAME)";
			};
			name = Release;
		};
/* End XCBuildConfiguration section */

/* Begin XCConfigurationList section */
		7924BCB31D00325400BD364C /* Build configuration list for PBXProject "RegExpDemo" */ = {
			isa = XCConfigurationList;
			buildConfigurations = (
				7924BCCD1D00325400BD364C /* Debug */,
				7924BCCE1D00325400BD364C /* Release */,
			);
			defaultConfigurationIsVisible = 0;
			defaultConfigurationName = Release;
		};
		7924BCCF1D00325400BD364C /* Build configuration list for PBXNativeTarget "RegExpDemo" */ = {
			isa = XCConfigurationList;
			buildConfigurations = (
				7924BCD01D00325400BD364C /* Debug */,
				7924BCD11D00325400BD364C /* Release */,
			);
			defaultConfigurationIsVisible = 0;
		};
/* End XCConfigurationList section */
	};
	rootObject = 7924BCB01D00325400BD364C /* Project object */;
}
